
Microsoft Visual Studio Solution File, Format Version 12.00
# Visual Studio Version 16
VisualStudioVersion = 16.0.31911.196
MinimumVisualStudioVersion = 10.0.40219.1
Project("{9A19103F-16F7-4668-BE54-9A1E7A4F7556}") = "ProductiveCSharp", "ProductiveCSharp\ProductiveCSharp.csproj", "{781061EE-748A-4B74-81B9-BFEEBBFFDA98}"
EndProject
Global
	GlobalSection(SolutionConfigurationPlatforms) = preSolution
		Debug|Any CPU = Debug|Any CPU
		Release|Any CPU = Release|Any CPU
	EndGlobalSection
	GlobalSection(ProjectConfigurationPlatforms) = postSolution
		{781061EE-748A-4B74-81B9-BFEEBBFFDA98}.Debug|Any CPU.ActiveCfg = Debug|Any CPU
		{781061EE-748A-4B74-81B9-BFEEBBFFDA98}.Debug|Any CPU.Build.0 = Debug|Any CPU
		{781061EE-748A-4B74-81B9-BFEEBBFFDA98}.Release|Any CPU.ActiveCfg = Release|Any CPU
		{781061EE-748A-4B74-81B9-BFEEBBFFDA98}.Release|Any CPU.Build.0 = Release|Any CPU
	EndGlobalSection
	GlobalSection(SolutionProperties) = preSolution
		HideSolutionNode = FALSE
	EndGlobalSection
	GlobalSection(ExtensibilityGlobals) = postSolution
		SolutionGuid = {10C8B462-EB9A-41E8-A8B8-5B73B6F2247E}
	EndGlobalSection
EndGlobal
